
Microsoft Visual Studio Solution File, Format Version 12.00
# Visual Studio 2012
Project("{930C7802-8A8C-48F9-8165-68863BCCD9DD}") = "symphony-installer", "symphony-installer\symphony-installer.wixproj", "{CDE35869-1DD2-4F1E-99E6-EA494278158C}"
	ProjectSection(ProjectDependencies) = postProject
		{BC4ED219-1122-4148-8398-C869805F4BBA} = {BC4ED219-1122-4148-8398-C869805F4BBA}
		{895EFC6D-8B2A-4B6E-8152-B391BA5000DE} = {895EFC6D-8B2A-4B6E-8152-B391BA5000DE}
		{1E6C7ABF-3546-428A-A61B-CFB83DB61317} = {1E6C7ABF-3546-428A-A61B-CFB83DB61317}
		{7FAECDDE-827D-49D4-A4FE-55BF9C986FD6} = {7FAECDDE-827D-49D4-A4FE-55BF9C986FD6}
		{8A9AF9F2-7ADF-48AA-8C34-0ED8BFB5D1D5} = {8A9AF9F2-7ADF-48AA-8C34-0ED8BFB5D1D5}
	EndProjectSection
EndProject
Project("{2150E333-8FDC-42A3-9474-1A3956D46DE8}") = ".nuget", ".nuget", "{3D03A8B3-2B2F-40B6-B3FE-9E5C062A2198}"
	ProjectSection(SolutionItems) = preProject
		.nuget\NuGet.Config = .nuget\NuGet.Config
		.nuget\NuGet.exe = .nuget\NuGet.exe
		.nuget\NuGet.targets = .nuget\NuGet.targets
	EndProjectSection
EndProject
Project("{2150E333-8FDC-42A3-9474-1A3956D46DE8}") = "symphony-core", "symphony-core", "{7900F57F-7734-46D4-BCC3-195BAEBAA72A}"
EndProject
Project("{FAE04EC0-301F-11D3-BF4B-00C04F79EFBC}") = "Symphony.Core", "symphony-core\src\symphony-core\Symphony.Core\Symphony.Core.csproj", "{F67AD286-059F-4C8D-9D99-D92DB2DC887A}"
EndProject
Project("{FAE04EC0-301F-11D3-BF4B-00C04F79EFBC}") = "Symphony.Core.Tests", "symphony-core\src\symphony-core\Symphony.Core.Tests\Symphony.Core.Tests.csproj", "{E88C7308-8CBC-4162-914C-6BC26478B329}"
EndProject
Project("{FAE04EC0-301F-11D3-BF4B-00C04F79EFBC}") = "Symphony.SimulationDAQController", "symphony-core\src\symphony-core\SimulationDAQController\Symphony.SimulationDAQController.csproj", "{895EFC6D-8B2A-4B6E-8152-B391BA5000DE}"
EndProject
Project("{FAE04EC0-301F-11D3-BF4B-00C04F79EFBC}") = "Symphony.ExternalDevices", "symphony-core\src\symphony-core\Symphony.ExternalDevices\Symphony.ExternalDevices.csproj", "{8A9AF9F2-7ADF-48AA-8C34-0ED8BFB5D1D5}"
EndProject
Project("{FAE04EC0-301F-11D3-BF4B-00C04F79EFBC}") = "IntegrationTests", "symphony-core\src\symphony-core\IntegrationTests\IntegrationTests.csproj", "{DBF9DCFD-42C7-46E0-BFAB-EB94E6E82DF6}"
	ProjectSection(ProjectDependencies) = postProject
		{BC4ED219-1122-4148-8398-C869805F4BBA} = {BC4ED219-1122-4148-8398-C869805F4BBA}
	EndProjectSection
EndProject
Project("{8BC9CEB8-8B4A-11D0-8D11-00A0C91BC942}") = "HekaIOBridge", "symphony-core\src\symphony-core\HekaIOBridge\HekaIOBridge.vcxproj", "{1E6C7ABF-3546-428A-A61B-CFB83DB61317}"
	ProjectSection(ProjectDependencies) = postProject
		{F67AD286-059F-4C8D-9D99-D92DB2DC887A} = {F67AD286-059F-4C8D-9D99-D92DB2DC887A}
		{7FAECDDE-827D-49D4-A4FE-55BF9C986FD6} = {7FAECDDE-827D-49D4-A4FE-55BF9C986FD6}
	EndProjectSection
EndProject
Project("{FAE04EC0-301F-11D3-BF4B-00C04F79EFBC}") = "HekaNativeInterop", "symphony-core\src\symphony-core\HekaNativeInterop\HekaNativeInterop.csproj", "{7FAECDDE-827D-49D4-A4FE-55BF9C986FD6}"
EndProject
Project("{FAE04EC0-301F-11D3-BF4B-00C04F79EFBC}") = "Symphony.ExternalDevices.Tests", "symphony-core\src\symphony-core\Symphony.ExternalDevices.Tests\Symphony.ExternalDevices.Tests.csproj", "{F4E479F5-7EB1-42C1-A0F6-52D956A4A83F}"
EndProject
Project("{FAE04EC0-301F-11D3-BF4B-00C04F79EFBC}") = "MessageTrapper", "symphony-core\src\symphony-core\MessageTrapper\MessageTrapper.csproj", "{686DAC15-41A1-4FF4-A839-3F64531702D5}"
EndProject
Project("{930C7802-8A8C-48F9-8165-68863BCCD9DD}") = "SymphonyWixInstaller", "symphony-core\src\symphony-core\SymphonyWixInstaller\SymphonyWixInstaller.wixproj", "{4E5AFA3A-7EBB-45DE-BFB0-7AB1C222F994}"
	ProjectSection(ProjectDependencies) = postProject
		{895EFC6D-8B2A-4B6E-8152-B391BA5000DE} = {895EFC6D-8B2A-4B6E-8152-B391BA5000DE}
		{F67AD286-059F-4C8D-9D99-D92DB2DC887A} = {F67AD286-059F-4C8D-9D99-D92DB2DC887A}
		{1E6C7ABF-3546-428A-A61B-CFB83DB61317} = {1E6C7ABF-3546-428A-A61B-CFB83DB61317}
		{7FAECDDE-827D-49D4-A4FE-55BF9C986FD6} = {7FAECDDE-827D-49D4-A4FE-55BF9C986FD6}
		{8A9AF9F2-7ADF-48AA-8C34-0ED8BFB5D1D5} = {8A9AF9F2-7ADF-48AA-8C34-0ED8BFB5D1D5}
	EndProjectSection
EndProject
Project("{FAE04EC0-301F-11D3-BF4B-00C04F79EFBC}") = "HekaDAQController", "symphony-core\src\symphony-core\HekaDAQController\HekaDAQController.csproj", "{BC4ED219-1122-4148-8398-C869805F4BBA}"
EndProject
Project("{FAE04EC0-301F-11D3-BF4B-00C04F79EFBC}") = "HekaDAQController.Tests", "symphony-core\src\symphony-core\HekaDAQController.Tests\HekaDAQController.Tests.csproj", "{342754F3-6CC3-463D-94A9-617E18F76524}"
EndProject
Project("{2150E333-8FDC-42A3-9474-1A3956D46DE8}") = ".nuget", ".nuget", "{23E9B877-379C-41D8-9083-C4A349D90421}"
	ProjectSection(SolutionItems) = preProject
		symphony-core\src\symphony-core\.nuget\NuGet.Config = symphony-core\src\symphony-core\.nuget\NuGet.Config
		symphony-core\src\symphony-core\.nuget\NuGet.exe = symphony-core\src\symphony-core\.nuget\NuGet.exe
		symphony-core\src\symphony-core\.nuget\NuGet.targets = symphony-core\src\symphony-core\.nuget\NuGet.targets
	EndProjectSection
EndProject
Global
	GlobalSection(SolutionConfigurationPlatforms) = preSolution
		Debug|Win32 = Debug|Win32
		Debug|x64 = Debug|x64
		Debug|x86 = Debug|x86
		Release|Win32 = Release|Win32
		Release|x64 = Release|x64
		Release|x86 = Release|x86
	EndGlobalSection
	GlobalSection(ProjectConfigurationPlatforms) = postSolution
		{CDE35869-1DD2-4F1E-99E6-EA494278158C}.Debug|Win32.ActiveCfg = Debug|x86
		{CDE35869-1DD2-4F1E-99E6-EA494278158C}.Debug|Win32.Build.0 = Debug|x86
		{CDE35869-1DD2-4F1E-99E6-EA494278158C}.Debug|x64.ActiveCfg = Debug|x64
		{CDE35869-1DD2-4F1E-99E6-EA494278158C}.Debug|x64.Build.0 = Debug|x64
		{CDE35869-1DD2-4F1E-99E6-EA494278158C}.Debug|x86.ActiveCfg = Debug|x86
		{CDE35869-1DD2-4F1E-99E6-EA494278158C}.Debug|x86.Build.0 = Debug|x86
		{CDE35869-1DD2-4F1E-99E6-EA494278158C}.Release|Win32.ActiveCfg = Release|x86
		{CDE35869-1DD2-4F1E-99E6-EA494278158C}.Release|Win32.Build.0 = Release|x86
		{CDE35869-1DD2-4F1E-99E6-EA494278158C}.Release|x64.ActiveCfg = Release|x64
		{CDE35869-1DD2-4F1E-99E6-EA494278158C}.Release|x64.Build.0 = Release|x64
		{CDE35869-1DD2-4F1E-99E6-EA494278158C}.Release|x86.ActiveCfg = Release|x86
		{CDE35869-1DD2-4F1E-99E6-EA494278158C}.Release|x86.Build.0 = Release|x86
		{F67AD286-059F-4C8D-9D99-D92DB2DC887A}.Debug|Win32.ActiveCfg = Debug|x86
		{F67AD286-059F-4C8D-9D99-D92DB2DC887A}.Debug|Win32.Build.0 = Debug|x86
		{F67AD286-059F-4C8D-9D99-D92DB2DC887A}.Debug|x64.ActiveCfg = Debug|x64
		{F67AD286-059F-4C8D-9D99-D92DB2DC887A}.Debug|x64.Build.0 = Debug|x64
		{F67AD286-059F-4C8D-9D99-D92DB2DC887A}.Debug|x86.ActiveCfg = Debug|x86
		{F67AD286-059F-4C8D-9D99-D92DB2DC887A}.Debug|x86.Build.0 = Debug|x86
		{F67AD286-059F-4C8D-9D99-D92DB2DC887A}.Release|Win32.ActiveCfg = Release|x86
		{F67AD286-059F-4C8D-9D99-D92DB2DC887A}.Release|Win32.Build.0 = Release|x86
		{F67AD286-059F-4C8D-9D99-D92DB2DC887A}.Release|x64.ActiveCfg = Release|x64
		{F67AD286-059F-4C8D-9D99-D92DB2DC887A}.Release|x64.Build.0 = Release|x64
		{F67AD286-059F-4C8D-9D99-D92DB2DC887A}.Release|x86.ActiveCfg = Release|x86
		{F67AD286-059F-4C8D-9D99-D92DB2DC887A}.Release|x86.Build.0 = Release|x86
		{E88C7308-8CBC-4162-914C-6BC26478B329}.Debug|Win32.ActiveCfg = Debug|x86
		{E88C7308-8CBC-4162-914C-6BC26478B329}.Debug|Win32.Build.0 = Debug|x86
		{E88C7308-8CBC-4162-914C-6BC26478B329}.Debug|x64.ActiveCfg = Debug|x64
		{E88C7308-8CBC-4162-914C-6BC26478B329}.Debug|x64.Build.0 = Debug|x64
		{E88C7308-8CBC-4162-914C-6BC26478B329}.Debug|x86.ActiveCfg = Debug|x86
		{E88C7308-8CBC-4162-914C-6BC26478B329}.Debug|x86.Build.0 = Debug|x86
		{E88C7308-8CBC-4162-914C-6BC26478B329}.Release|Win32.ActiveCfg = Release|x86
		{E88C7308-8CBC-4162-914C-6BC26478B329}.Release|Win32.Build.0 = Release|x86
		{E88C7308-8CBC-4162-914C-6BC26478B329}.Release|x64.ActiveCfg = Release|x64
		{E88C7308-8CBC-4162-914C-6BC26478B329}.Release|x64.Build.0 = Release|x64
		{E88C7308-8CBC-4162-914C-6BC26478B329}.Release|x86.ActiveCfg = Release|x86
		{E88C7308-8CBC-4162-914C-6BC26478B329}.Release|x86.Build.0 = Release|x86
		{895EFC6D-8B2A-4B6E-8152-B391BA5000DE}.Debug|Win32.ActiveCfg = Debug|x86
		{895EFC6D-8B2A-4B6E-8152-B391BA5000DE}.Debug|Win32.Build.0 = Debug|x86
		{895EFC6D-8B2A-4B6E-8152-B391BA5000DE}.Debug|x64.ActiveCfg = Debug|x64
		{895EFC6D-8B2A-4B6E-8152-B391BA5000DE}.Debug|x64.Build.0 = Debug|x64
		{895EFC6D-8B2A-4B6E-8152-B391BA5000DE}.Debug|x86.ActiveCfg = Debug|x86
		{895EFC6D-8B2A-4B6E-8152-B391BA5000DE}.Debug|x86.Build.0 = Debug|x86
		{895EFC6D-8B2A-4B6E-8152-B391BA5000DE}.Release|Win32.ActiveCfg = Release|x86
		{895EFC6D-8B2A-4B6E-8152-B391BA5000DE}.Release|Win32.Build.0 = Release|x86
		{895EFC6D-8B2A-4B6E-8152-B391BA5000DE}.Release|x64.ActiveCfg = Release|x64
		{895EFC6D-8B2A-4B6E-8152-B391BA5000DE}.Release|x64.Build.0 = Release|x64
		{895EFC6D-8B2A-4B6E-8152-B391BA5000DE}.Release|x86.ActiveCfg = Release|x86
		{895EFC6D-8B2A-4B6E-8152-B391BA5000DE}.Release|x86.Build.0 = Release|x86
		{8A9AF9F2-7ADF-48AA-8C34-0ED8BFB5D1D5}.Debug|Win32.ActiveCfg = Debug|x86
		{8A9AF9F2-7ADF-48AA-8C34-0ED8BFB5D1D5}.Debug|Win32.Build.0 = Debug|x86
		{8A9AF9F2-7ADF-48AA-8C34-0ED8BFB5D1D5}.Debug|x64.ActiveCfg = Debug|x64
		{8A9AF9F2-7ADF-48AA-8C34-0ED8BFB5D1D5}.Debug|x64.Build.0 = Debug|x64
		{8A9AF9F2-7ADF-48AA-8C34-0ED8BFB5D1D5}.Debug|x86.ActiveCfg = Debug|x86
		{8A9AF9F2-7ADF-48AA-8C34-0ED8BFB5D1D5}.Debug|x86.Build.0 = Debug|x86
		{8A9AF9F2-7ADF-48AA-8C34-0ED8BFB5D1D5}.Release|Win32.ActiveCfg = Release|x86
		{8A9AF9F2-7ADF-48AA-8C34-0ED8BFB5D1D5}.Release|Win32.Build.0 = Release|x86
		{8A9AF9F2-7ADF-48AA-8C34-0ED8BFB5D1D5}.Release|x64.ActiveCfg = Release|x64
		{8A9AF9F2-7ADF-48AA-8C34-0ED8BFB5D1D5}.Release|x64.Build.0 = Release|x64
		{8A9AF9F2-7ADF-48AA-8C34-0ED8BFB5D1D5}.Release|x86.ActiveCfg = Release|x86
		{8A9AF9F2-7ADF-48AA-8C34-0ED8BFB5D1D5}.Release|x86.Build.0 = Release|x86
		{DBF9DCFD-42C7-46E0-BFAB-EB94E6E82DF6}.Debug|Win32.ActiveCfg = Debug|x86
		{DBF9DCFD-42C7-46E0-BFAB-EB94E6E82DF6}.Debug|Win32.Build.0 = Debug|x86
		{DBF9DCFD-42C7-46E0-BFAB-EB94E6E82DF6}.Debug|x64.ActiveCfg = Debug|x64
		{DBF9DCFD-42C7-46E0-BFAB-EB94E6E82DF6}.Debug|x64.Build.0 = Debug|x64
		{DBF9DCFD-42C7-46E0-BFAB-EB94E6E82DF6}.Debug|x86.ActiveCfg = Debug|x86
		{DBF9DCFD-42C7-46E0-BFAB-EB94E6E82DF6}.Debug|x86.Build.0 = Debug|x86
		{DBF9DCFD-42C7-46E0-BFAB-EB94E6E82DF6}.Release|Win32.ActiveCfg = Release|x86
		{DBF9DCFD-42C7-46E0-BFAB-EB94E6E82DF6}.Release|Win32.Build.0 = Release|x86
		{DBF9DCFD-42C7-46E0-BFAB-EB94E6E82DF6}.Release|x64.ActiveCfg = Release|x64
		{DBF9DCFD-42C7-46E0-BFAB-EB94E6E82DF6}.Release|x64.Build.0 = Release|x64
		{DBF9DCFD-42C7-46E0-BFAB-EB94E6E82DF6}.Release|x86.ActiveCfg = Release|x86
		{DBF9DCFD-42C7-46E0-BFAB-EB94E6E82DF6}.Release|x86.Build.0 = Release|x86
		{1E6C7ABF-3546-428A-A61B-CFB83DB61317}.Debug|Win32.ActiveCfg = Debug|Win32
		{1E6C7ABF-3546-428A-A61B-CFB83DB61317}.Debug|Win32.Build.0 = Debug|Win32
		{1E6C7ABF-3546-428A-A61B-CFB83DB61317}.Debug|x64.ActiveCfg = Debug|x64
		{1E6C7ABF-3546-428A-A61B-CFB83DB61317}.Debug|x64.Build.0 = Debug|x64
		{1E6C7ABF-3546-428A-A61B-CFB83DB61317}.Debug|x86.ActiveCfg = Debug|Win32
		{1E6C7ABF-3546-428A-A61B-CFB83DB61317}.Debug|x86.Build.0 = Debug|Win32
		{1E6C7ABF-3546-428A-A61B-CFB83DB61317}.Release|Win32.ActiveCfg = Release|Win32
		{1E6C7ABF-3546-428A-A61B-CFB83DB61317}.Release|Win32.Build.0 = Release|Win32
		{1E6C7ABF-3546-428A-A61B-CFB83DB61317}.Release|x64.ActiveCfg = Release|x64
		{1E6C7ABF-3546-428A-A61B-CFB83DB61317}.Release|x64.Build.0 = Release|x64
		{1E6C7ABF-3546-428A-A61B-CFB83DB61317}.Release|x86.ActiveCfg = Release|Win32
		{1E6C7ABF-3546-428A-A61B-CFB83DB61317}.Release|x86.Build.0 = Release|Win32
		{7FAECDDE-827D-49D4-A4FE-55BF9C986FD6}.Debug|Win32.ActiveCfg = Debug|x86
		{7FAECDDE-827D-49D4-A4FE-55BF9C986FD6}.Debug|Win32.Build.0 = Debug|x86
		{7FAECDDE-827D-49D4-A4FE-55BF9C986FD6}.Debug|x64.ActiveCfg = Debug|x64
		{7FAECDDE-827D-49D4-A4FE-55BF9C986FD6}.Debug|x64.Build.0 = Debug|x64
		{7FAECDDE-827D-49D4-A4FE-55BF9C986FD6}.Debug|x86.ActiveCfg = Debug|x86
		{7FAECDDE-827D-49D4-A4FE-55BF9C986FD6}.Debug|x86.Build.0 = Debug|x86
		{7FAECDDE-827D-49D4-A4FE-55BF9C986FD6}.Release|Win32.ActiveCfg = Release|x86
		{7FAECDDE-827D-49D4-A4FE-55BF9C986FD6}.Release|Win32.Build.0 = Release|x86
		{7FAECDDE-827D-49D4-A4FE-55BF9C986FD6}.Release|x64.ActiveCfg = Release|x64
		{7FAECDDE-827D-49D4-A4FE-55BF9C986FD6}.Release|x64.Build.0 = Release|x64
		{7FAECDDE-827D-49D4-A4FE-55BF9C986FD6}.Release|x86.ActiveCfg = Release|x86
		{7FAECDDE-827D-49D4-A4FE-55BF9C986FD6}.Release|x86.Build.0 = Release|x86
		{F4E479F5-7EB1-42C1-A0F6-52D956A4A83F}.Debug|Win32.ActiveCfg = Debug|x86
		{F4E479F5-7EB1-42C1-A0F6-52D956A4A83F}.Debug|Win32.Build.0 = Debug|x86
		{F4E479F5-7EB1-42C1-A0F6-52D956A4A83F}.Debug|x64.ActiveCfg = Debug|x64
		{F4E479F5-7EB1-42C1-A0F6-52D956A4A83F}.Debug|x64.Build.0 = Debug|x64
		{F4E479F5-7EB1-42C1-A0F6-52D956A4A83F}.Debug|x86.ActiveCfg = Debug|x86
		{F4E479F5-7EB1-42C1-A0F6-52D956A4A83F}.Debug|x86.Build.0 = Debug|x86
		{F4E479F5-7EB1-42C1-A0F6-52D956A4A83F}.Release|Win32.ActiveCfg = Release|x86
		{F4E479F5-7EB1-42C1-A0F6-52D956A4A83F}.Release|Win32.Build.0 = Release|x86
		{F4E479F5-7EB1-42C1-A0F6-52D956A4A83F}.Release|x64.ActiveCfg = Release|x64
		{F4E479F5-7EB1-42C1-A0F6-52D956A4A83F}.Release|x64.Build.0 = Release|x64
		{F4E479F5-7EB1-42C1-A0F6-52D956A4A83F}.Release|x86.ActiveCfg = Release|x86
		{F4E479F5-7EB1-42C1-A0F6-52D956A4A83F}.Release|x86.Build.0 = Release|x86
		{686DAC15-41A1-4FF4-A839-3F64531702D5}.Debug|Win32.ActiveCfg = Debug|x86
		{686DAC15-41A1-4FF4-A839-3F64531702D5}.Debug|Win32.Build.0 = Debug|x86
		{686DAC15-41A1-4FF4-A839-3F64531702D5}.Debug|x64.ActiveCfg = Debug|x64
		{686DAC15-41A1-4FF4-A839-3F64531702D5}.Debug|x64.Build.0 = Debug|x64
		{686DAC15-41A1-4FF4-A839-3F64531702D5}.Debug|x86.ActiveCfg = Debug|x86
		{686DAC15-41A1-4FF4-A839-3F64531702D5}.Debug|x86.Build.0 = Debug|x86
		{686DAC15-41A1-4FF4-A839-3F64531702D5}.Release|Win32.ActiveCfg = Release|x86
		{686DAC15-41A1-4FF4-A839-3F64531702D5}.Release|Win32.Build.0 = Release|x86
		{686DAC15-41A1-4FF4-A839-3F64531702D5}.Release|x64.ActiveCfg = Release|x64
		{686DAC15-41A1-4FF4-A839-3F64531702D5}.Release|x64.Build.0 = Release|x64
		{686DAC15-41A1-4FF4-A839-3F64531702D5}.Release|x86.ActiveCfg = Release|x86
		{686DAC15-41A1-4FF4-A839-3F64531702D5}.Release|x86.Build.0 = Release|x86
		{4E5AFA3A-7EBB-45DE-BFB0-7AB1C222F994}.Debug|Win32.ActiveCfg = Debug|x86
		{4E5AFA3A-7EBB-45DE-BFB0-7AB1C222F994}.Debug|x64.ActiveCfg = Debug|x64
		{4E5AFA3A-7EBB-45DE-BFB0-7AB1C222F994}.Debug|x86.ActiveCfg = Debug|x86
		{4E5AFA3A-7EBB-45DE-BFB0-7AB1C222F994}.Release|Win32.ActiveCfg = Release|x86
		{4E5AFA3A-7EBB-45DE-BFB0-7AB1C222F994}.Release|x64.ActiveCfg = Release|x64
		{4E5AFA3A-7EBB-45DE-BFB0-7AB1C222F994}.Release|x86.ActiveCfg = Release|x86
		{BC4ED219-1122-4148-8398-C869805F4BBA}.Debug|Win32.ActiveCfg = Debug|x86
		{BC4ED219-1122-4148-8398-C869805F4BBA}.Debug|Win32.Build.0 = Debug|x86
		{BC4ED219-1122-4148-8398-C869805F4BBA}.Debug|x64.ActiveCfg = Debug|x64
		{BC4ED219-1122-4148-8398-C869805F4BBA}.Debug|x64.Build.0 = Debug|x64
		{BC4ED219-1122-4148-8398-C869805F4BBA}.Debug|x86.ActiveCfg = Debug|x86
		{BC4ED219-1122-4148-8398-C869805F4BBA}.Debug|x86.Build.0 = Debug|x86
		{BC4ED219-1122-4148-8398-C869805F4BBA}.Release|Win32.ActiveCfg = Release|x86
		{BC4ED219-1122-4148-8398-C869805F4BBA}.Release|Win32.Build.0 = Release|x86
		{BC4ED219-1122-4148-8398-C869805F4BBA}.Release|x64.ActiveCfg = Release|x64
		{BC4ED219-1122-4148-8398-C869805F4BBA}.Release|x64.Build.0 = Release|x64
		{BC4ED219-1122-4148-8398-C869805F4BBA}.Release|x86.ActiveCfg = Release|x86
		{BC4ED219-1122-4148-8398-C869805F4BBA}.Release|x86.Build.0 = Release|x86
		{342754F3-6CC3-463D-94A9-617E18F76524}.Debug|Win32.ActiveCfg = Debug|x86
		{342754F3-6CC3-463D-94A9-617E18F76524}.Debug|Win32.Build.0 = Debug|x86
		{342754F3-6CC3-463D-94A9-617E18F76524}.Debug|x64.ActiveCfg = Debug|x64
		{342754F3-6CC3-463D-94A9-617E18F76524}.Debug|x64.Build.0 = Debug|x64
		{342754F3-6CC3-463D-94A9-617E18F76524}.Debug|x86.ActiveCfg = Debug|x86
		{342754F3-6CC3-463D-94A9-617E18F76524}.Debug|x86.Build.0 = Debug|x86
		{342754F3-6CC3-463D-94A9-617E18F76524}.Release|Win32.ActiveCfg = Release|x86
		{342754F3-6CC3-463D-94A9-617E18F76524}.Release|Win32.Build.0 = Release|x86
		{342754F3-6CC3-463D-94A9-617E18F76524}.Release|x64.ActiveCfg = Release|x64
		{342754F3-6CC3-463D-94A9-617E18F76524}.Release|x64.Build.0 = Release|x64
		{342754F3-6CC3-463D-94A9-617E18F76524}.Release|x86.ActiveCfg = Release|x86
		{342754F3-6CC3-463D-94A9-617E18F76524}.Release|x86.Build.0 = Release|x86
	EndGlobalSection
	GlobalSection(SolutionProperties) = preSolution
		HideSolutionNode = FALSE
	EndGlobalSection
	GlobalSection(NestedProjects) = preSolution
		{F67AD286-059F-4C8D-9D99-D92DB2DC887A} = {7900F57F-7734-46D4-BCC3-195BAEBAA72A}
		{E88C7308-8CBC-4162-914C-6BC26478B329} = {7900F57F-7734-46D4-BCC3-195BAEBAA72A}
		{895EFC6D-8B2A-4B6E-8152-B391BA5000DE} = {7900F57F-7734-46D4-BCC3-195BAEBAA72A}
		{8A9AF9F2-7ADF-48AA-8C34-0ED8BFB5D1D5} = {7900F57F-7734-46D4-BCC3-195BAEBAA72A}
		{DBF9DCFD-42C7-46E0-BFAB-EB94E6E82DF6} = {7900F57F-7734-46D4-BCC3-195BAEBAA72A}
		{1E6C7ABF-3546-428A-A61B-CFB83DB61317} = {7900F57F-7734-46D4-BCC3-195BAEBAA72A}
		{7FAECDDE-827D-49D4-A4FE-55BF9C986FD6} = {7900F57F-7734-46D4-BCC3-195BAEBAA72A}
		{F4E479F5-7EB1-42C1-A0F6-52D956A4A83F} = {7900F57F-7734-46D4-BCC3-195BAEBAA72A}
		{686DAC15-41A1-4FF4-A839-3F64531702D5} = {7900F57F-7734-46D4-BCC3-195BAEBAA72A}
		{4E5AFA3A-7EBB-45DE-BFB0-7AB1C222F994} = {7900F57F-7734-46D4-BCC3-195BAEBAA72A}
		{BC4ED219-1122-4148-8398-C869805F4BBA} = {7900F57F-7734-46D4-BCC3-195BAEBAA72A}
		{342754F3-6CC3-463D-94A9-617E18F76524} = {7900F57F-7734-46D4-BCC3-195BAEBAA72A}
		{23E9B877-379C-41D8-9083-C4A349D90421} = {7900F57F-7734-46D4-BCC3-195BAEBAA72A}
	EndGlobalSection
EndGlobal
